
Microsoft Visual Studio Solution File, Format Version 12.00
# Visual Studio 15
VisualStudioVersion = 15.0.28307.168
MinimumVisualStudioVersion = 10.0.40219.1
Project("{FAE04EC0-301F-11D3-BF4B-00C04F79EFBC}") = "WSPagoServicio", "WSPagoServicio\WSPagoServicio.csproj", "{FF4D78C1-F7F4-4E61-AE20-816034AF8460}"
EndProject
Global
	GlobalSection(SolutionConfigurationPlatforms) = preSolution
		Debug|Any CPU = Debug|Any CPU
		Release|Any CPU = Release|Any CPU
	EndGlobalSection
	GlobalSection(ProjectConfigurationPlatforms) = postSolution
		{FF4D78C1-F7F4-4E61-AE20-816034AF8460}.Debug|Any CPU.ActiveCfg = Debug|Any CPU
		{FF4D78C1-F7F4-4E61-AE20-816034AF8460}.Debug|Any CPU.Build.0 = Debug|Any CPU
		{FF4D78C1-F7F4-4E61-AE20-816034AF8460}.Release|Any CPU.ActiveCfg = Release|Any CPU
		{FF4D78C1-F7F4-4E61-AE20-816034AF8460}.Release|Any CPU.Build.0 = Release|Any CPU
	EndGlobalSection
	GlobalSection(SolutionProperties) = preSolution
		HideSolutionNode = FALSE
	EndGlobalSection
	GlobalSection(ExtensibilityGlobals) = postSolution
		SolutionGuid = {A5B57C36-5DD8-4D80-A032-4DD1FCC6760B}
	EndGlobalSection
EndGlobal
